
Microsoft Visual Studio Solution File, Format Version 12.00
# Visual Studio 15
VisualStudioVersion = 15.0.26730.3
MinimumVisualStudioVersion = 10.0.40219.1
Project("{2150E333-8FDC-42A3-9474-1A3956D46DE8}") = "Examples", "Examples", "{3EA38B24-1BEB-450E-9C75-D659B70B7761}"
EndProject
Project("{FAE04EC0-301F-11D3-BF4B-00C04F79EFBC}") = "Bakana", "Bakana\Bakana.csproj", "{C888BC74-6C91-412D-890C-1370E0AE96F2}"
EndProject
Project("{FAE04EC0-301F-11D3-BF4B-00C04F79EFBC}") = "Bakana.Core", "Bakana.Core\Bakana.Core.csproj", "{B3467284-8805-4DBE-ACC9-AABD6C7B8489}"
EndProject
Project("{FAE04EC0-301F-11D3-BF4B-00C04F79EFBC}") = "Bakana.ServiceInterface", "Bakana.ServiceInterface\Bakana.ServiceInterface.csproj", "{34F7C5E0-8B78-4CB2-AA61-C6A1C3BBE6F6}"
EndProject
Project("{FAE04EC0-301F-11D3-BF4B-00C04F79EFBC}") = "Bakana.ServiceModels", "Bakana.ServiceModels\Bakana.ServiceModels.csproj", "{F6F1A13F-D26A-4D47-897A-AF15210A2C80}"
EndProject
Project("{FAE04EC0-301F-11D3-BF4B-00C04F79EFBC}") = "Bakana.IntegrationTests", "Bakana.IntegrationTests\Bakana.IntegrationTests.csproj", "{046451DE-1966-425E-A932-AE3D527C22EA}"
EndProject
Project("{FAE04EC0-301F-11D3-BF4B-00C04F79EFBC}") = "Bakana.UnitTests", "Bakana.UnitTests\Bakana.UnitTests.csproj", "{7BE787D3-82C8-40E0-A440-62E0081121A0}"
EndProject
Project("{2150E333-8FDC-42A3-9474-1A3956D46DE8}") = "Tests", "Tests", "{4351668C-222B-406B-9B6F-FDED698A923A}"
EndProject
Global
	GlobalSection(SolutionConfigurationPlatforms) = preSolution
		Debug|Any CPU = Debug|Any CPU
		Release|Any CPU = Release|Any CPU
	EndGlobalSection
	GlobalSection(ProjectConfigurationPlatforms) = postSolution
		{C888BC74-6C91-412D-890C-1370E0AE96F2}.Debug|Any CPU.ActiveCfg = Debug|Any CPU
		{C888BC74-6C91-412D-890C-1370E0AE96F2}.Debug|Any CPU.Build.0 = Debug|Any CPU
		{C888BC74-6C91-412D-890C-1370E0AE96F2}.Release|Any CPU.ActiveCfg = Release|Any CPU
		{C888BC74-6C91-412D-890C-1370E0AE96F2}.Release|Any CPU.Build.0 = Release|Any CPU
		{B3467284-8805-4DBE-ACC9-AABD6C7B8489}.Debug|Any CPU.ActiveCfg = Debug|Any CPU
		{B3467284-8805-4DBE-ACC9-AABD6C7B8489}.Debug|Any CPU.Build.0 = Debug|Any CPU
		{B3467284-8805-4DBE-ACC9-AABD6C7B8489}.Release|Any CPU.ActiveCfg = Release|Any CPU
		{B3467284-8805-4DBE-ACC9-AABD6C7B8489}.Release|Any CPU.Build.0 = Release|Any CPU
		{34F7C5E0-8B78-4CB2-AA61-C6A1C3BBE6F6}.Debug|Any CPU.ActiveCfg = Debug|Any CPU
		{34F7C5E0-8B78-4CB2-AA61-C6A1C3BBE6F6}.Debug|Any CPU.Build.0 = Debug|Any CPU
		{34F7C5E0-8B78-4CB2-AA61-C6A1C3BBE6F6}.Release|Any CPU.ActiveCfg = Release|Any CPU
		{34F7C5E0-8B78-4CB2-AA61-C6A1C3BBE6F6}.Release|Any CPU.Build.0 = Release|Any CPU
		{F6F1A13F-D26A-4D47-897A-AF15210A2C80}.Debug|Any CPU.ActiveCfg = Debug|Any CPU
		{F6F1A13F-D26A-4D47-897A-AF15210A2C80}.Debug|Any CPU.Build.0 = Debug|Any CPU
		{F6F1A13F-D26A-4D47-897A-AF15210A2C80}.Release|Any CPU.ActiveCfg = Release|Any CPU
		{F6F1A13F-D26A-4D47-897A-AF15210A2C80}.Release|Any CPU.Build.0 = Release|Any CPU
		{046451DE-1966-425E-A932-AE3D527C22EA}.Debug|Any CPU.ActiveCfg = Debug|Any CPU
		{046451DE-1966-425E-A932-AE3D527C22EA}.Debug|Any CPU.Build.0 = Debug|Any CPU
		{046451DE-1966-425E-A932-AE3D527C22EA}.Release|Any CPU.ActiveCfg = Release|Any CPU
		{046451DE-1966-425E-A932-AE3D527C22EA}.Release|Any CPU.Build.0 = Release|Any CPU
		{7BE787D3-82C8-40E0-A440-62E0081121A0}.Debug|Any CPU.ActiveCfg = Debug|Any CPU
		{7BE787D3-82C8-40E0-A440-62E0081121A0}.Debug|Any CPU.Build.0 = Debug|Any CPU
		{7BE787D3-82C8-40E0-A440-62E0081121A0}.Release|Any CPU.ActiveCfg = Release|Any CPU
		{7BE787D3-82C8-40E0-A440-62E0081121A0}.Release|Any CPU.Build.0 = Release|Any CPU
	EndGlobalSection
	GlobalSection(SolutionProperties) = preSolution
		HideSolutionNode = FALSE
	EndGlobalSection
	GlobalSection(ExtensibilityGlobals) = postSolution
		SolutionGuid = {02854F2A-8EF4-468E-80A3-CD64BBAF5D15}
	EndGlobalSection
	GlobalSection(NestedProjects) = preSolution
		{7BE787D3-82C8-40E0-A440-62E0081121A0} = {4351668C-222B-406B-9B6F-FDED698A923A}
		{046451DE-1966-425E-A932-AE3D527C22EA} = {4351668C-222B-406B-9B6F-FDED698A923A}
	EndGlobalSection
EndGlobal
